{
  "originHash" : "4bbedab70bc829a5a9acc93256616572ddc586060952e87fbb9e1d2ed2ca5b5c",
  "pins" : [
    {
      "identity" : "highlightr",
      "kind" : "remoteSourceControl",
      "location" : "https://github.com/raspu/Highlightr.git",
      "state" : {
        "branch" : "master",
        "revision" : "da9bb2e4604da001f1d1a1adaa55f6a38509b405"
      }
    }
  ],
  "version" : 3
}
